
Microsoft Visual Studio Solution File, Format Version 12.00
# Visual Studio Version 17
VisualStudioVersion = 17.14.36109.1 d17.14
MinimumVisualStudioVersion = 10.0.40219.1
Project("{FAE04EC0-301F-11D3-BF4B-00C04F79EFBC}") = "PasswordManager", "PasswordManager\PasswordManager.csproj", "{420707EC-1867-4B87-B705-178444AA11A1}"
EndProject
Global
	GlobalSection(SolutionConfigurationPlatforms) = preSolution
		Debug|Any CPU = Debug|Any CPU
		Release|Any CPU = Release|Any CPU
	EndGlobalSection
	GlobalSection(ProjectConfigurationPlatforms) = postSolution
		{420707EC-1867-4B87-B705-178444AA11A1}.Debug|Any CPU.ActiveCfg = Debug|Any CPU
		{420707EC-1867-4B87-B705-178444AA11A1}.Debug|Any CPU.Build.0 = Debug|Any CPU
		{420707EC-1867-4B87-B705-178444AA11A1}.Release|Any CPU.ActiveCfg = Release|Any CPU
		{420707EC-1867-4B87-B705-178444AA11A1}.Release|Any CPU.Build.0 = Release|Any CPU
	EndGlobalSection
	GlobalSection(SolutionProperties) = preSolution
		HideSolutionNode = FALSE
	EndGlobalSection
	GlobalSection(ExtensibilityGlobals) = postSolution
		SolutionGuid = {F661AE64-6E57-4AF6-96A6-DDC9BDB1A1F5}
	EndGlobalSection
EndGlobal
